
Microsoft Visual Studio Solution File, Format Version 12.00
# Visual Studio Version 17
VisualStudioVersion = 17.8.34525.116
MinimumVisualStudioVersion = 10.0.40219.1
Project("{FAE04EC0-301F-11D3-BF4B-00C04F79EFBC}") = "Cauculadora", "Cauculadora\Cauculadora.csproj", "{EDDCFD71-A927-449F-B4F6-FF4CDB1DA668}"
EndProject
Global
	GlobalSection(SolutionConfigurationPlatforms) = preSolution
		Debug|Any CPU = Debug|Any CPU
		Release|Any CPU = Release|Any CPU
	EndGlobalSection
	GlobalSection(ProjectConfigurationPlatforms) = postSolution
		{EDDCFD71-A927-449F-B4F6-FF4CDB1DA668}.Debug|Any CPU.ActiveCfg = Debug|Any CPU
		{EDDCFD71-A927-449F-B4F6-FF4CDB1DA668}.Debug|Any CPU.Build.0 = Debug|Any CPU
		{EDDCFD71-A927-449F-B4F6-FF4CDB1DA668}.Release|Any CPU.ActiveCfg = Release|Any CPU
		{EDDCFD71-A927-449F-B4F6-FF4CDB1DA668}.Release|Any CPU.Build.0 = Release|Any CPU
	EndGlobalSection
	GlobalSection(SolutionProperties) = preSolution
		HideSolutionNode = FALSE
	EndGlobalSection
	GlobalSection(ExtensibilityGlobals) = postSolution
		SolutionGuid = {B39020B5-E0FD-47A4-97F9-EF28ABEF4929}
	EndGlobalSection
EndGlobal
